
Microsoft Visual Studio Solution File, Format Version 12.00
# Visual Studio Version 16
VisualStudioVersion = 16.0.34729.46
MinimumVisualStudioVersion = 10.0.40219.1
Project("{8BC9CEB8-8B4A-11D0-8D11-00A0C91BC942}") = "TrashBeen", "TrashBeen\TrashBeen.vcxproj", "{B05DA41A-4F7E-4017-A4AD-B174D177084A}"
EndProject
Global
	GlobalSection(SolutionConfigurationPlatforms) = preSolution
		Debug|x64 = Debug|x64
		Debug|x86 = Debug|x86
		Release|x64 = Release|x64
		Release|x86 = Release|x86
	EndGlobalSection
	GlobalSection(ProjectConfigurationPlatforms) = postSolution
		{B05DA41A-4F7E-4017-A4AD-B174D177084A}.Debug|x64.ActiveCfg = Debug|x64
		{B05DA41A-4F7E-4017-A4AD-B174D177084A}.Debug|x64.Build.0 = Debug|x64
		{B05DA41A-4F7E-4017-A4AD-B174D177084A}.Debug|x86.ActiveCfg = Debug|Win32
		{B05DA41A-4F7E-4017-A4AD-B174D177084A}.Debug|x86.Build.0 = Debug|Win32
		{B05DA41A-4F7E-4017-A4AD-B174D177084A}.Release|x64.ActiveCfg = Release|x64
		{B05DA41A-4F7E-4017-A4AD-B174D177084A}.Release|x64.Build.0 = Release|x64
		{B05DA41A-4F7E-4017-A4AD-B174D177084A}.Release|x86.ActiveCfg = Release|Win32
		{B05DA41A-4F7E-4017-A4AD-B174D177084A}.Release|x86.Build.0 = Release|Win32
	EndGlobalSection
	GlobalSection(SolutionProperties) = preSolution
		HideSolutionNode = FALSE
	EndGlobalSection
	GlobalSection(ExtensibilityGlobals) = postSolution
		SolutionGuid = {15E86D8F-3984-4B32-8834-F51E807BC7E5}
	EndGlobalSection
EndGlobal
